<?xml version="1.0" encoding="utf-8"?>
<Project ToolsVersion="4.0" xmlns="http://schemas.microsoft.com/developer/msbuild/2003">
  <ItemGroup>
    <Filter Include="소스 파일">
      <UniqueIdentifier>{4FC737F1-C7A5-4376-A066-2A32D752A2FF}</UniqueIdentifier>
      <Extensions>cpp;c;cc;cxx;c++;cppm;ixx;def;odl;idl;hpj;bat;asm;asmx</Extensions>
    </Filter>
    <Filter Include="헤더 파일">
      <UniqueIdentifier>{93995380-89BD-4b04-88EB-625FBE52EBFB}</UniqueIdentifier>
      <Extensions>h;hh;hpp;hxx;h++;hm;inl;inc;ipp;xsd</Extensions>
    </Filter>
  </ItemGroup>
  <ItemGroup>
    <ClCompile Include="BaekJoon\Tier\Silver\11047.cpp">
      <Filter>소스 파일</Filter>
    </ClCompile>
    <ClCompile Include="BaekJoon\Tier\Gold\15686.cpp">
      <Filter>소스 파일</Filter>
    </ClCompile>
    <ClCompile Include="BaekJoon\Class\Class2\1018.cpp">
      <Filter>소스 파일</Filter>
    </ClCompile>
    <ClCompile Include="BaekJoon\Tier\Bronze\2309.cpp">
      <Filter>소스 파일</Filter>
    </ClCompile>
    <ClCompile Include="BaekJoon\Tier\Silver\2178.cpp">
      <Filter>소스 파일</Filter>
    </ClCompile>
    <ClCompile Include="BaekJoon\Tier\Gold\19942.cpp">
      <Filter>소스 파일</Filter>
    </ClCompile>
    <ClCompile Include="BaekJoon\Tier\Gold\2109.cpp">
      <Filter>소스 파일</Filter>
    </ClCompile>
    <ClCompile Include="BaekJoon\Tier\Bronze\2979.cpp">
      <Filter>소스 파일</Filter>
    </ClCompile>
    <ClCompile Include="BaekJoon\Tier\Silver\1012.cpp">
      <Filter>소스 파일</Filter>
    </ClCompile>
    <ClCompile Include="BaekJoon\Class\Class2\1181.cpp">
      <Filter>소스 파일</Filter>
    </ClCompile>
    <ClCompile Include="BaekJoon\Tier\Gold\2589.cpp">
      <Filter>소스 파일</Filter>
    </ClCompile>
    <ClCompile Include="BaekJoon\Tier\Gold\9935.cpp">
      <Filter>소스 파일</Filter>
    </ClCompile>
    <ClCompile Include="BaekJoon\Tier\Silver\2343.cpp">
      <Filter>소스 파일</Filter>
    </ClCompile>
    <ClCompile Include="BaekJoon\Tier\Gold\17070.cpp">
      <Filter>소스 파일</Filter>
    </ClCompile>
    <ClCompile Include="BaekJoon\Tier\Silver\2468.cpp">
      <Filter>소스 파일</Filter>
    </ClCompile>
    <ClCompile Include="BaekJoon\Tier\Gold\16234.cpp">
      <Filter>소스 파일</Filter>
    </ClCompile>
    <ClCompile Include="BaekJoon\Tier\Gold\17471.cpp">
      <Filter>소스 파일</Filter>
    </ClCompile>
    <ClCompile Include="BaekJoon\Tier\Silver\1149.cpp">
      <Filter>소스 파일</Filter>
    </ClCompile>
    <ClCompile Include="BaekJoon\Tier\Gold\1781.cpp">
      <Filter>소스 파일</Filter>
    </ClCompile>
  </ItemGroup>
  <ItemGroup>
    <Text Include="BaekJoon\초기코드.txt" />
  </ItemGroup>
</Project>